
Microsoft Visual Studio Solution File, Format Version 12.00
# Visual Studio Version 17
VisualStudioVersion = 17.4.33205.214
MinimumVisualStudioVersion = 10.0.40219.1
Project("{FAE04EC0-301F-11D3-BF4B-00C04F79EFBC}") = "Cap 02 - Introdução ao Forms", "Cap 02 - Introdução ao Forms\Cap 02 - Introdução ao Forms.csproj", "{6BEA2926-11B8-4CB7-95E7-09B8F6572665}"
EndProject
Project("{FAE04EC0-301F-11D3-BF4B-00C04F79EFBC}") = "Cap 02 - Segundo Exemplo", "Cap 02 - Segundo Exemplo\Cap 02 - Segundo Exemplo.csproj", "{0E8BEF05-4504-4877-8A2E-F37453FD4163}"
EndProject
Project("{FAE04EC0-301F-11D3-BF4B-00C04F79EFBC}") = "Cap 02 - Terceiro Exemplo", "Cap 02 - Terceiro Exemplo\Cap 02 - Terceiro Exemplo.csproj", "{0903D03A-CA07-4C13-A894-6A67EB96E296}"
EndProject
Global
	GlobalSection(SolutionConfigurationPlatforms) = preSolution
		Debug|Any CPU = Debug|Any CPU
		Release|Any CPU = Release|Any CPU
	EndGlobalSection
	GlobalSection(ProjectConfigurationPlatforms) = postSolution
		{6BEA2926-11B8-4CB7-95E7-09B8F6572665}.Debug|Any CPU.ActiveCfg = Debug|Any CPU
		{6BEA2926-11B8-4CB7-95E7-09B8F6572665}.Debug|Any CPU.Build.0 = Debug|Any CPU
		{6BEA2926-11B8-4CB7-95E7-09B8F6572665}.Release|Any CPU.ActiveCfg = Release|Any CPU
		{6BEA2926-11B8-4CB7-95E7-09B8F6572665}.Release|Any CPU.Build.0 = Release|Any CPU
		{0E8BEF05-4504-4877-8A2E-F37453FD4163}.Debug|Any CPU.ActiveCfg = Debug|Any CPU
		{0E8BEF05-4504-4877-8A2E-F37453FD4163}.Debug|Any CPU.Build.0 = Debug|Any CPU
		{0E8BEF05-4504-4877-8A2E-F37453FD4163}.Release|Any CPU.ActiveCfg = Release|Any CPU
		{0E8BEF05-4504-4877-8A2E-F37453FD4163}.Release|Any CPU.Build.0 = Release|Any CPU
		{0903D03A-CA07-4C13-A894-6A67EB96E296}.Debug|Any CPU.ActiveCfg = Debug|Any CPU
		{0903D03A-CA07-4C13-A894-6A67EB96E296}.Debug|Any CPU.Build.0 = Debug|Any CPU
		{0903D03A-CA07-4C13-A894-6A67EB96E296}.Release|Any CPU.ActiveCfg = Release|Any CPU
		{0903D03A-CA07-4C13-A894-6A67EB96E296}.Release|Any CPU.Build.0 = Release|Any CPU
	EndGlobalSection
	GlobalSection(SolutionProperties) = preSolution
		HideSolutionNode = FALSE
	EndGlobalSection
	GlobalSection(ExtensibilityGlobals) = postSolution
		SolutionGuid = {1CC3A9F8-2EAC-42B6-82BE-579850A2B16C}
	EndGlobalSection
EndGlobal
